
Microsoft Visual Studio Solution File, Format Version 12.00
# Visual Studio 15
Project("{FAE04EC0-301F-11D3-BF4B-00C04F79EFBC}") = "test", "test.csproj", "{9688AF1F-C535-42A5-8274-FDA480CFAFFD}"
EndProject
Global
	GlobalSection(SolutionConfigurationPlatforms) = preSolution
		Debug|anycpu = Debug|anycpu
		Release|anycpu = Release|anycpu
	EndGlobalSection
	GlobalSection(ProjectConfigurationPlatforms) = postSolution
		{9688AF1F-C535-42A5-8274-FDA480CFAFFD}.Debug|anycpu.ActiveCfg = Debug|anycpu
		{9688AF1F-C535-42A5-8274-FDA480CFAFFD}.Debug|anycpu.Build.0 = Debug|anycpu
		{9688AF1F-C535-42A5-8274-FDA480CFAFFD}.Release|anycpu.ActiveCfg = Release|anycpu
		{9688AF1F-C535-42A5-8274-FDA480CFAFFD}.Release|anycpu.Build.0 = Release|anycpu
	EndGlobalSection
EndGlobal
